
Microsoft Visual Studio Solution File, Format Version 12.00
# Visual Studio Version 17
VisualStudioVersion = 17.0.31903.59
MinimumVisualStudioVersion = 10.0.40219.1
Project("{FAE04EC0-301F-11D3-BF4B-00C04F79EFBC}") = "Addressing", "src\Addressing\Addressing.csproj", "{91F4AFCA-9E26-4D2F-9469-74D71CC93F77}"
EndProject
Project("{FAE04EC0-301F-11D3-BF4B-00C04F79EFBC}") = "ManualTestRig", "ManualTestRig\ManualTestRig.csproj", "{C2BC8AF0-1C14-463C-B110-C7F3422264B0}"
EndProject
Project("{FAE04EC0-301F-11D3-BF4B-00C04F79EFBC}") = "Addressing.Spain", "src\Addressing.Spain\Addressing.Spain.csproj", "{77DAAE6B-5ED1-40D3-BF8C-D33F1C06C37E}"
EndProject
Project("{FAE04EC0-301F-11D3-BF4B-00C04F79EFBC}") = "Addressing.Tests", "tests\Addressing.Tests\Addressing.Tests.csproj", "{1E6A51C5-4D88-4405-8BF0-97464C444EFE}"
EndProject
Global
	GlobalSection(SolutionConfigurationPlatforms) = preSolution
		Debug|Any CPU = Debug|Any CPU
		Release|Any CPU = Release|Any CPU
	EndGlobalSection
	GlobalSection(ProjectConfigurationPlatforms) = postSolution
		{91F4AFCA-9E26-4D2F-9469-74D71CC93F77}.Debug|Any CPU.ActiveCfg = Debug|Any CPU
		{91F4AFCA-9E26-4D2F-9469-74D71CC93F77}.Debug|Any CPU.Build.0 = Debug|Any CPU
		{91F4AFCA-9E26-4D2F-9469-74D71CC93F77}.Release|Any CPU.ActiveCfg = Release|Any CPU
		{91F4AFCA-9E26-4D2F-9469-74D71CC93F77}.Release|Any CPU.Build.0 = Release|Any CPU
		{C2BC8AF0-1C14-463C-B110-C7F3422264B0}.Debug|Any CPU.ActiveCfg = Debug|Any CPU
		{C2BC8AF0-1C14-463C-B110-C7F3422264B0}.Debug|Any CPU.Build.0 = Debug|Any CPU
		{C2BC8AF0-1C14-463C-B110-C7F3422264B0}.Release|Any CPU.ActiveCfg = Release|Any CPU
		{C2BC8AF0-1C14-463C-B110-C7F3422264B0}.Release|Any CPU.Build.0 = Release|Any CPU
		{77DAAE6B-5ED1-40D3-BF8C-D33F1C06C37E}.Debug|Any CPU.ActiveCfg = Debug|Any CPU
		{77DAAE6B-5ED1-40D3-BF8C-D33F1C06C37E}.Debug|Any CPU.Build.0 = Debug|Any CPU
		{77DAAE6B-5ED1-40D3-BF8C-D33F1C06C37E}.Release|Any CPU.ActiveCfg = Release|Any CPU
		{77DAAE6B-5ED1-40D3-BF8C-D33F1C06C37E}.Release|Any CPU.Build.0 = Release|Any CPU
		{1E6A51C5-4D88-4405-8BF0-97464C444EFE}.Debug|Any CPU.ActiveCfg = Debug|Any CPU
		{1E6A51C5-4D88-4405-8BF0-97464C444EFE}.Debug|Any CPU.Build.0 = Debug|Any CPU
		{1E6A51C5-4D88-4405-8BF0-97464C444EFE}.Release|Any CPU.ActiveCfg = Release|Any CPU
		{1E6A51C5-4D88-4405-8BF0-97464C444EFE}.Release|Any CPU.Build.0 = Release|Any CPU
	EndGlobalSection
	GlobalSection(SolutionProperties) = preSolution
		HideSolutionNode = FALSE
	EndGlobalSection
	GlobalSection(ExtensibilityGlobals) = postSolution
		SolutionGuid = {2BBCEAD0-A1A2-4A1E-8A10-2D436162DAD6}
	EndGlobalSection
EndGlobal
